
Microsoft Visual Studio Solution File, Format Version 12.00
# Visual Studio Version 17
VisualStudioVersion = 17.11.35312.102
MinimumVisualStudioVersion = 10.0.40219.1
Project("{FAE04EC0-301F-11D3-BF4B-00C04F79EFBC}") = "Powela9_Assignment06", "Powela9_Assignment06\Powela9_Assignment06.csproj", "{EED70C1F-6E0B-415F-AF63-86C2AAB59473}"
EndProject
Global
	GlobalSection(SolutionConfigurationPlatforms) = preSolution
		Debug|Any CPU = Debug|Any CPU
		Release|Any CPU = Release|Any CPU
	EndGlobalSection
	GlobalSection(ProjectConfigurationPlatforms) = postSolution
		{EED70C1F-6E0B-415F-AF63-86C2AAB59473}.Debug|Any CPU.ActiveCfg = Debug|Any CPU
		{EED70C1F-6E0B-415F-AF63-86C2AAB59473}.Debug|Any CPU.Build.0 = Debug|Any CPU
		{EED70C1F-6E0B-415F-AF63-86C2AAB59473}.Release|Any CPU.ActiveCfg = Release|Any CPU
		{EED70C1F-6E0B-415F-AF63-86C2AAB59473}.Release|Any CPU.Build.0 = Release|Any CPU
	EndGlobalSection
	GlobalSection(SolutionProperties) = preSolution
		HideSolutionNode = FALSE
	EndGlobalSection
	GlobalSection(ExtensibilityGlobals) = postSolution
		SolutionGuid = {67CCE05E-7DF7-43D7-99C5-A2F9FF8EA65E}
	EndGlobalSection
EndGlobal
