
Microsoft Visual Studio Solution File, Format Version 12.00
# Visual Studio Version 17
VisualStudioVersion = 17.10.35122.118
MinimumVisualStudioVersion = 10.0.40219.1
Project("{FAE04EC0-301F-11D3-BF4B-00C04F79EFBC}") = "Program", "Program\Program.csproj", "{297BBFC6-7FB7-4EE4-9D42-AAB91B4C9151}"
EndProject
Global
	GlobalSection(SolutionConfigurationPlatforms) = preSolution
		Debug|Any CPU = Debug|Any CPU
		Release|Any CPU = Release|Any CPU
	EndGlobalSection
	GlobalSection(ProjectConfigurationPlatforms) = postSolution
		{297BBFC6-7FB7-4EE4-9D42-AAB91B4C9151}.Debug|Any CPU.ActiveCfg = Debug|Any CPU
		{297BBFC6-7FB7-4EE4-9D42-AAB91B4C9151}.Debug|Any CPU.Build.0 = Debug|Any CPU
		{297BBFC6-7FB7-4EE4-9D42-AAB91B4C9151}.Release|Any CPU.ActiveCfg = Release|Any CPU
		{297BBFC6-7FB7-4EE4-9D42-AAB91B4C9151}.Release|Any CPU.Build.0 = Release|Any CPU
	EndGlobalSection
	GlobalSection(SolutionProperties) = preSolution
		HideSolutionNode = FALSE
	EndGlobalSection
	GlobalSection(ExtensibilityGlobals) = postSolution
		SolutionGuid = {A8D25C66-2807-4F79-92D8-9F62ED753A6C}
	EndGlobalSection
EndGlobal
